{
  "name": "hogbot-ng-app",
  "version": "1.0.0",
  "lockfileVersion": 3,
  "requires": true,
  "packages": {
    "": {
      "name": "hogbot-ng-app",
      "version": "1.0.0",
      "license": "ISC",
      "dependencies": {
        "luabundle": "^1.7.0"
      }
    },
    "node_modules/luabundle": {
      "version": "1.7.0",
      "resolved": "git+ssh://git@github.com/Sh-u/luabundle.git#f6b1e8659b18913d67a0be8fa8dcbdc12464f630",
      "license": "MIT",
      "dependencies": {
        "moonsharp-luaparse": "^0.2.4"
      },
      "engines": {
        "node": ">=8.0.0"
      }
    },
    "node_modules/moonsharp-luaparse": {
      "version": "0.2.4",
      "resolved": "https://registry.npmjs.org/moonsharp-luaparse/-/moonsharp-luaparse-0.2.4.tgz",
      "integrity": "sha512-1bkZPHRVJhCzt681KnFxWB5fYQlmcOZuBAlzdcsdTSjDfL//sqjcH2L2bbbgxf/l5s1krpGL8Ba7twT7mdj91Q==",
      "license": "MIT",
      "bin": {
        "moonsharp-luaparse": "bin/luaparse"
      }
    }
  }
}
